
Microsoft Visual Studio Solution File, Format Version 12.00
# Visual Studio Version 17
VisualStudioVersion = 17.14.36109.1
MinimumVisualStudioVersion = 10.0.40219.1
Project("{FAE04EC0-301F-11D3-BF4B-00C04F79EFBC}") = "OneMonthFlow.Blazor", "OneMonthFlow.Blazor\OneMonthFlow.Blazor.csproj", "{CC7F7AAA-339B-461C-B157-913FF4578C48}"
EndProject
Project("{FAE04EC0-301F-11D3-BF4B-00C04F79EFBC}") = "OneMonthFlow.Shared", "OneMonthFlow.Shared\OneMonthFlow.Shared.csproj", "{93B73800-9791-4117-AEF1-37DBADF328AB}"
EndProject
Project("{FAE04EC0-301F-11D3-BF4B-00C04F79EFBC}") = "OneMonthFlow.Domain", "OneMonthFlow.Domain\OneMonthFlow.Domain.csproj", "{B687EB09-3BE5-45A0-B0E4-37BB84A58D6E}"
EndProject
Global
	GlobalSection(SolutionConfigurationPlatforms) = preSolution
		Debug|Any CPU = Debug|Any CPU
		Release|Any CPU = Release|Any CPU
	EndGlobalSection
	GlobalSection(ProjectConfigurationPlatforms) = postSolution
		{CC7F7AAA-339B-461C-B157-913FF4578C48}.Debug|Any CPU.ActiveCfg = Debug|Any CPU
		{CC7F7AAA-339B-461C-B157-913FF4578C48}.Debug|Any CPU.Build.0 = Debug|Any CPU
		{CC7F7AAA-339B-461C-B157-913FF4578C48}.Release|Any CPU.ActiveCfg = Release|Any CPU
		{CC7F7AAA-339B-461C-B157-913FF4578C48}.Release|Any CPU.Build.0 = Release|Any CPU
		{93B73800-9791-4117-AEF1-37DBADF328AB}.Debug|Any CPU.ActiveCfg = Debug|Any CPU
		{93B73800-9791-4117-AEF1-37DBADF328AB}.Debug|Any CPU.Build.0 = Debug|Any CPU
		{93B73800-9791-4117-AEF1-37DBADF328AB}.Release|Any CPU.ActiveCfg = Release|Any CPU
		{93B73800-9791-4117-AEF1-37DBADF328AB}.Release|Any CPU.Build.0 = Release|Any CPU
		{B687EB09-3BE5-45A0-B0E4-37BB84A58D6E}.Debug|Any CPU.ActiveCfg = Debug|Any CPU
		{B687EB09-3BE5-45A0-B0E4-37BB84A58D6E}.Debug|Any CPU.Build.0 = Debug|Any CPU
		{B687EB09-3BE5-45A0-B0E4-37BB84A58D6E}.Release|Any CPU.ActiveCfg = Release|Any CPU
		{B687EB09-3BE5-45A0-B0E4-37BB84A58D6E}.Release|Any CPU.Build.0 = Release|Any CPU
	EndGlobalSection
	GlobalSection(SolutionProperties) = preSolution
		HideSolutionNode = FALSE
	EndGlobalSection
	GlobalSection(ExtensibilityGlobals) = postSolution
		SolutionGuid = {4956DCDC-69ED-4B40-8C1E-21F4E200A26E}
	EndGlobalSection
EndGlobal
